
Microsoft Visual Studio Solution File, Format Version 12.00
Project("{FAE04EC0-301F-11D3-BF4B-00C04F79EFBC}") = "Pesh", "Pesh\Pesh.csproj", "{55171775-E41B-40D1-AF3F-E312C7DDA205}"
EndProject
Global
	GlobalSection(SolutionConfigurationPlatforms) = preSolution
		Debug|Any CPU = Debug|Any CPU
		Release|Any CPU = Release|Any CPU
	EndGlobalSection
	GlobalSection(ProjectConfigurationPlatforms) = postSolution
		{55171775-E41B-40D1-AF3F-E312C7DDA205}.Debug|Any CPU.ActiveCfg = Debug|Any CPU
		{55171775-E41B-40D1-AF3F-E312C7DDA205}.Debug|Any CPU.Build.0 = Debug|Any CPU
		{55171775-E41B-40D1-AF3F-E312C7DDA205}.Release|Any CPU.ActiveCfg = Release|Any CPU
		{55171775-E41B-40D1-AF3F-E312C7DDA205}.Release|Any CPU.Build.0 = Release|Any CPU
	EndGlobalSection
EndGlobal
